
Microsoft Visual Studio Solution File, Format Version 12.00
# Visual Studio Version 16
VisualStudioVersion = 25.0.1706.1
MinimumVisualStudioVersion = 10.0.40219.1
Project("{FAE04EC0-301F-11D3-BF4B-00C04F79EFBC}") = "demoAPI", "demoAPI.csproj", "{764B2830-0397-4B3D-96D2-0AA4AA6B64E3}"
EndProject
Global
	GlobalSection(SolutionConfigurationPlatforms) = preSolution
		Debug|Any CPU = Debug|Any CPU
		Release|Any CPU = Release|Any CPU
	EndGlobalSection
	GlobalSection(ProjectConfigurationPlatforms) = postSolution
		{764B2830-0397-4B3D-96D2-0AA4AA6B64E3}.Debug|Any CPU.ActiveCfg = Debug|Any CPU
		{764B2830-0397-4B3D-96D2-0AA4AA6B64E3}.Debug|Any CPU.Build.0 = Debug|Any CPU
		{764B2830-0397-4B3D-96D2-0AA4AA6B64E3}.Release|Any CPU.ActiveCfg = Release|Any CPU
		{764B2830-0397-4B3D-96D2-0AA4AA6B64E3}.Release|Any CPU.Build.0 = Release|Any CPU
	EndGlobalSection
	GlobalSection(SolutionProperties) = preSolution
		HideSolutionNode = FALSE
	EndGlobalSection
	GlobalSection(ExtensibilityGlobals) = postSolution
		SolutionGuid = {95404779-7075-4527-B1D5-513CD89A12D9}
	EndGlobalSection
EndGlobal
